// !$*UTF8*$!
{
	archiveVersion = 1;
	classes = {
	};
	objectVersion = 56;
	objects = {

/* Begin PBXBuildFile section */
		FD5172E32BC27B76001E476B /* AppDelegate.swift in Sources */ = {isa = PBXBuildFile; fileRef = FD5172E22BC27B76001E476B /* AppDelegate.swift */; };
		FD5172E52BC27B76001E476B /* SceneDelegate.swift in Sources */ = {isa = PBXBuildFile; fileRef = FD5172E42BC27B76001E476B /* SceneDelegate.swift */; };
		FD5172E72BC27B76001E476B /* ViewController.swift in Sources */ = {isa = PBXBuildFile; fileRef = FD5172E62BC27B76001E476B /* ViewController.swift */; };
		FD5172EA2BC27B76001E476B /* Base in Resources */ = {isa = PBXBuildFile; fileRef = FD5172E92BC27B76001E476B /* Base */; };
		FD5172EC2BC27B77001E476B /* Assets.xcassets in Resources */ = {isa = PBXBuildFile; fileRef = FD5172EB2BC27B77001E476B /* Assets.xcassets */; };
		FD5172EF2BC27B77001E476B /* Base in Resources */ = {isa = PBXBuildFile; fileRef = FD5172EE2BC27B77001E476B /* Base */; };
		FD5172FA2BC27B78001E476B /* Dice_ios_appTests.swift in Sources */ = {isa = PBXBuildFile; fileRef = FD5172F92BC27B78001E476B /* Dice_ios_appTests.swift */; };
		FD5173042BC27B78001E476B /* Dice_ios_appUITests.swift in Sources */ = {isa = PBXBuildFile; fileRef = FD5173032BC27B78001E476B /* Dice_ios_appUITests.swift */; };
		FD5173062BC27B78001E476B /* Dice_ios_appUITestsLaunchTests.swift in Sources */ = {isa = PBXBuildFile; fileRef = FD5173052BC27B78001E476B /* Dice_ios_appUITestsLaunchTests.swift */; };
/* End PBXBuildFile section */

/* Begin PBXContainerItemProxy section */
		FD5172F62BC27B78001E476B /* PBXContainerItemProxy */ = {
			isa = PBXContainerItemProxy;
			containerPortal = FD5172D72BC27B76001E476B /* Project object */;
			proxyType = 1;
			remoteGlobalIDString = FD5172DE2BC27B76001E476B;
			remoteInfo = "Dice-ios-app";
		};
		FD5173002BC27B78001E476B /* PBXContainerItemProxy */ = {
			isa = PBXContainerItemProxy;
			containerPortal = FD5172D72BC27B76001E476B /* Project object */;
			proxyType = 1;
			remoteGlobalIDString = FD5172DE2BC27B76001E476B;
			remoteInfo = "Dice-ios-app";
		};
/* End PBXContainerItemProxy section */

/* Begin PBXFileReference section */
		FD5172DF2BC27B76001E476B /* Dice-ios-app.app */ = {isa = PBXFileReference; explicitFileType = wrapper.application; includeInIndex = 0; path = "Dice-ios-app.app"; sourceTree = BUILT_PRODUCTS_DIR; };
		FD5172E22BC27B76001E476B /* AppDelegate.swift */ = {isa = PBXFileReference; lastKnownFileType = sourcecode.swift; path = AppDelegate.swift; sourceTree = "<group>"; };
		FD5172E42BC27B76001E476B /* SceneDelegate.swift */ = {isa = PBXFileReference; lastKnownFileType = sourcecode.swift; path = SceneDelegate.swift; sourceTree = "<group>"; };
		FD5172E62BC27B76001E476B /* ViewController.swift */ = {isa = PBXFileReference; lastKnownFileType = sourcecode.swift; path = ViewController.swift; sourceTree = "<group>"; };
		FD5172E92BC27B76001E476B /* Base */ = {isa = PBXFileReference; lastKnownFileType = file.storyboard; name = Base; path = Base.lproj/Main.storyboard; sourceTree = "<group>"; };
		FD5172EB2BC27B77001E476B /* Assets.xcassets */ = {isa = PBXFileReference; lastKnownFileType = folder.assetcatalog; path = Assets.xcassets; sourceTree = "<group>"; };
		FD5172EE2BC27B77001E476B /* Base */ = {isa = PBXFileReference; lastKnownFileType = file.storyboard; name = Base; path = Base.lproj/LaunchScreen.storyboard; sourceTree = "<group>"; };
		FD5172F02BC27B77001E476B /* Info.plist */ = {isa = PBXFileReference; lastKnownFileType = text.plist.xml; path = Info.plist; sourceTree = "<group>"; };
		FD5172F52BC27B78001E476B /* Dice-ios-appTests.xctest */ = {isa = PBXFileReference; explicitFileType = wrapper.cfbundle; includeInIndex = 0; path = "Dice-ios-appTests.xctest"; sourceTree = BUILT_PRODUCTS_DIR; };
		FD5172F92BC27B78001E476B /* Dice_ios_appTests.swift */ = {isa = PBXFileReference; lastKnownFileType = sourcecode.swift; path = Dice_ios_appTests.swift; sourceTree = "<group>"; };
		FD5172FF2BC27B78001E476B /* Dice-ios-appUITests.xctest */ = {isa = PBXFileReference; explicitFileType = wrapper.cfbundle; includeInIndex = 0; path = "Dice-ios-appUITests.xctest"; sourceTree = BUILT_PRODUCTS_DIR; };
		FD5173032BC27B78001E476B /* Dice_ios_appUITests.swift */ = {isa = PBXFileReference; lastKnownFileType = sourcecode.swift; path = Dice_ios_appUITests.swift; sourceTree = "<group>"; };
		FD5173052BC27B78001E476B /* Dice_ios_appUITestsLaunchTests.swift */ = {isa = PBXFileReference; lastKnownFileType = sourcecode.swift; path = Dice_ios_appUITestsLaunchTests.swift; sourceTree = "<group>"; };
/* End PBXFileReference section */

/* Begin PBXFrameworksBuildPhase section */
		FD5172DC2BC27B76001E476B /* Frameworks */ = {
			isa = PBXFrameworksBuildPhase;
			buildActionMask = 2147483647;
			files = (
			);
			runOnlyForDeploymentPostprocessing = 0;
		};
		FD5172F22BC27B78001E476B /* Frameworks */ = {
			isa = PBXFrameworksBuildPhase;
			buildActionMask = 2147483647;
			files = (
			);
			runOnlyForDeploymentPostprocessing = 0;
		};
		FD5172FC2BC27B78001E476B /* Frameworks */ = {
			isa = PBXFrameworksBuildPhase;
			buildActionMask = 2147483647;
			files = (
			);
			runOnlyForDeploymentPostprocessing = 0;
		};
/* End PBXFrameworksBuildPhase section */

/* Begin PBXGroup section */
		FD5172D62BC27B76001E476B = {
			isa = PBXGroup;
			children = (
				FD5172E12BC27B76001E476B /* Dice-ios-app */,
				FD5172F82BC27B78001E476B /* Dice-ios-appTests */,
				FD5173022BC27B78001E476B /* Dice-ios-appUITests */,
				FD5172E02BC27B76001E476B /* Products */,
			);
			sourceTree = "<group>";
		};
		FD5172E02BC27B76001E476B /* Products */ = {
			isa = PBXGroup;
			children = (
				FD5172DF2BC27B76001E476B /* Dice-ios-app.app */,
				FD5172F52BC27B78001E476B /* Dice-ios-appTests.xctest */,
				FD5172FF2BC27B78001E476B /* Dice-ios-appUITests.xctest */,
			);
			name = Products;
			sourceTree = "<group>";
		};
		FD5172E12BC27B76001E476B /* Dice-ios-app */ = {
			isa = PBXGroup;
			children = (
				FD5172E22BC27B76001E476B /* AppDelegate.swift */,
				FD5172E42BC27B76001E476B /* SceneDelegate.swift */,
				FD5172E62BC27B76001E476B /* ViewController.swift */,
				FD5172E82BC27B76001E476B /* Main.storyboard */,
				FD5172EB2BC27B77001E476B /* Assets.xcassets */,
				FD5172ED2BC27B77001E476B /* LaunchScreen.storyboard */,
				FD5172F02BC27B77001E476B /* Info.plist */,
			);
			path = "Dice-ios-app";
			sourceTree = "<group>";
		};
		FD5172F82BC27B78001E476B /* Dice-ios-appTests */ = {
			isa = PBXGroup;
			children = (
				FD5172F92BC27B78001E476B /* Dice_ios_appTests.swift */,
			);
			path = "Dice-ios-appTests";
			sourceTree = "<group>";
		};
		FD5173022BC27B78001E476B /* Dice-ios-appUITests */ = {
			isa = PBXGroup;
			children = (
				FD5173032BC27B78001E476B /* Dice_ios_appUITests.swift */,
				FD5173052BC27B78001E476B /* Dice_ios_appUITestsLaunchTests.swift */,
			);
			path = "Dice-ios-appUITests";
			sourceTree = "<group>";
		};
/* End PBXGroup section */

/* Begin PBXNativeTarget section */
		FD5172DE2BC27B76001E476B /* Dice-ios-app */ = {
			isa = PBXNativeTarget;
			buildConfigurationList = FD5173092BC27B78001E476B /* Build configuration list for PBXNativeTarget "Dice-ios-app" */;
			buildPhases = (
				FD5172DB2BC27B76001E476B /* Sources */,
				FD5172DC2BC27B76001E476B /* Frameworks */,
				FD5172DD2BC27B76001E476B /* Resources */,
			);
			buildRules = (
			);
			dependencies = (
			);
			name = "Dice-ios-app";
			productName = "Dice-ios-app";
			productReference = FD5172DF2BC27B76001E476B /* Dice-ios-app.app */;
			productType = "com.apple.product-type.application";
		};
		FD5172F42BC27B78001E476B /* Dice-ios-appTests */ = {
			isa = PBXNativeTarget;
			buildConfigurationList = FD51730C2BC27B78001E476B /* Build configuration list for PBXNativeTarget "Dice-ios-appTests" */;
			buildPhases = (
				FD5172F12BC27B78001E476B /* Sources */,
				FD5172F22BC27B78001E476B /* Frameworks */,
				FD5172F32BC27B78001E476B /* Resources */,
			);
			buildRules = (
			);
			dependencies = (
				FD5172F72BC27B78001E476B /* PBXTargetDependency */,
			);
			name = "Dice-ios-appTests";
			productName = "Dice-ios-appTests";
			productReference = FD5172F52BC27B78001E476B /* Dice-ios-appTests.xctest */;
			productType = "com.apple.product-type.bundle.unit-test";
		};
		FD5172FE2BC27B78001E476B /* Dice-ios-appUITests */ = {
			isa = PBXNativeTarget;
			buildConfigurationList = FD51730F2BC27B78001E476B /* Build configuration list for PBXNativeTarget "Dice-ios-appUITests" */;
			buildPhases = (
				FD5172FB2BC27B78001E476B /* Sources */,
				FD5172FC2BC27B78001E476B /* Frameworks */,
				FD5172FD2BC27B78001E476B /* Resources */,
			);
			buildRules = (
			);
			dependencies = (
				FD5173012BC27B78001E476B /* PBXTargetDependency */,
			);
			name = "Dice-ios-appUITests";
			productName = "Dice-ios-appUITests";
			productReference = FD5172FF2BC27B78001E476B /* Dice-ios-appUITests.xctest */;
			productType = "com.apple.product-type.bundle.ui-testing";
		};
/* End PBXNativeTarget section */

/* Begin PBXProject section */
		FD5172D72BC27B76001E476B /* Project object */ = {
			isa = PBXProject;
			attributes = {
				BuildIndependentTargetsInParallel = 1;
				LastSwiftUpdateCheck = 1530;
				LastUpgradeCheck = 1530;
				TargetAttributes = {
					FD5172DE2BC27B76001E476B = {
						CreatedOnToolsVersion = 15.3;
					};
					FD5172F42BC27B78001E476B = {
						CreatedOnToolsVersion = 15.3;
						TestTargetID = FD5172DE2BC27B76001E476B;
					};
					FD5172FE2BC27B78001E476B = {
						CreatedOnToolsVersion = 15.3;
						TestTargetID = FD5172DE2BC27B76001E476B;
					};
				};
			};
			buildConfigurationList = FD5172DA2BC27B76001E476B /* Build configuration list for PBXProject "Dice-ios-app" */;
			compatibilityVersion = "Xcode 14.0";
			developmentRegion = en;
			hasScannedForEncodings = 0;
			knownRegions = (
				en,
				Base,
			);
			mainGroup = FD5172D62BC27B76001E476B;
			productRefGroup = FD5172E02BC27B76001E476B /* Products */;
			projectDirPath = "";
			projectRoot = "";
			targets = (
				FD5172DE2BC27B76001E476B /* Dice-ios-app */,
				FD5172F42BC27B78001E476B /* Dice-ios-appTests */,
				FD5172FE2BC27B78001E476B /* Dice-ios-appUITests */,
			);
		};
/* End PBXProject section */

/* Begin PBXResourcesBuildPhase section */
		FD5172DD2BC27B76001E476B /* Resources */ = {
			isa = PBXResourcesBuildPhase;
			buildActionMask = 2147483647;
			files = (
				FD5172EC2BC27B77001E476B /* Assets.xcassets in Resources */,
				FD5172EF2BC27B77001E476B /* Base in Resources */,
				FD5172EA2BC27B76001E476B /* Base in Resources */,
			);
			runOnlyForDeploymentPostprocessing = 0;
		};
		FD5172F32BC27B78001E476B /* Resources */ = {
			isa = PBXResourcesBuildPhase;
			buildActionMask = 2147483647;
			files = (
			);
			runOnlyForDeploymentPostprocessing = 0;
		};
		FD5172FD2BC27B78001E476B /* Resources */ = {
			isa = PBXResourcesBuildPhase;
			buildActionMask = 2147483647;
			files = (
			);
			runOnlyForDeploymentPostprocessing = 0;
		};
/* End PBXResourcesBuildPhase section */

/* Begin PBXSourcesBuildPhase section */
		FD5172DB2BC27B76001E476B /* Sources */ = {
			isa = PBXSourcesBuildPhase;
			buildActionMask = 2147483647;
			files = (
				FD5172E72BC27B76001E476B /* ViewController.swift in Sources */,
				FD5172E32BC27B76001E476B /* AppDelegate.swift in Sources */,
				FD5172E52BC27B76001E476B /* SceneDelegate.swift in Sources */,
			);
			runOnlyForDeploymentPostprocessing = 0;
		};
		FD5172F12BC27B78001E476B /* Sources */ = {
			isa = PBXSourcesBuildPhase;
			buildActionMask = 2147483647;
			files = (
				FD5172FA2BC27B78001E476B /* Dice_ios_appTests.swift in Sources */,
			);
			runOnlyForDeploymentPostprocessing = 0;
		};
		FD5172FB2BC27B78001E476B /* Sources */ = {
			isa = PBXSourcesBuildPhase;
			buildActionMask = 2147483647;
			files = (
				FD5173042BC27B78001E476B /* Dice_ios_appUITests.swift in Sources */,
				FD5173062BC27B78001E476B /* Dice_ios_appUITestsLaunchTests.swift in Sources */,
			);
			runOnlyForDeploymentPostprocessing = 0;
		};
/* End PBXSourcesBuildPhase section */

/* Begin PBXTargetDependency section */
		FD5172F72BC27B78001E476B /* PBXTargetDependency */ = {
			isa = PBXTargetDependency;
			target = FD5172DE2BC27B76001E476B /* Dice-ios-app */;
			targetProxy = FD5172F62BC27B78001E476B /* PBXContainerItemProxy */;
		};
		FD5173012BC27B78001E476B /* PBXTargetDependency */ = {
			isa = PBXTargetDependency;
			target = FD5172DE2BC27B76001E476B /* Dice-ios-app */;
			targetProxy = FD5173002BC27B78001E476B /* PBXContainerItemProxy */;
		};
/* End PBXTargetDependency section */

/* Begin PBXVariantGroup section */
		FD5172E82BC27B76001E476B /* Main.storyboard */ = {
			isa = PBXVariantGroup;
			children = (
				FD5172E92BC27B76001E476B /* Base */,
			);
			name = Main.storyboard;
			sourceTree = "<group>";
		};
		FD5172ED2BC27B77001E476B /* LaunchScreen.storyboard */ = {
			isa = PBXVariantGroup;
			children = (
				FD5172EE2BC27B77001E476B /* Base */,
			);
			name = LaunchScreen.storyboard;
			sourceTree = "<group>";
		};
/* End PBXVariantGroup section */

/* Begin XCBuildConfiguration section */
		FD5173072BC27B78001E476B /* Debug */ = {
			isa = XCBuildConfiguration;
			buildSettings = {
				ALWAYS_SEARCH_USER_PATHS = NO;
				ASSETCATALOG_COMPILER_GENERATE_SWIFT_ASSET_SYMBOL_EXTENSIONS = YES;
				CLANG_ANALYZER_NONNULL = YES;
				CLANG_ANALYZER_NUMBER_OBJECT_CONVERSION = YES_AGGRESSIVE;
				CLANG_CXX_LANGUAGE_STANDARD = "gnu++20";
				CLANG_ENABLE_MODULES = YES;
				CLANG_ENABLE_OBJC_ARC = YES;
				CLANG_ENABLE_OBJC_WEAK = YES;
				CLANG_WARN_BLOCK_CAPTURE_AUTORELEASING = YES;
				CLANG_WARN_BOOL_CONVERSION = YES;
				CLANG_WARN_COMMA = YES;
				CLANG_WARN_CONSTANT_CONVERSION = YES;
				CLANG_WARN_DEPRECATED_OBJC_IMPLEMENTATIONS = YES;
				CLANG_WARN_DIRECT_OBJC_ISA_USAGE = YES_ERROR;
				CLANG_WARN_DOCUMENTATION_COMMENTS = YES;
				CLANG_WARN_EMPTY_BODY = YES;
				CLANG_WARN_ENUM_CONVERSION = YES;
				CLANG_WARN_INFINITE_RECURSION = YES;
				CLANG_WARN_INT_CONVERSION = YES;
				CLANG_WARN_NON_LITERAL_NULL_CONVERSION = YES;
				CLANG_WARN_OBJC_IMPLICIT_RETAIN_SELF = YES;
				CLANG_WARN_OBJC_LITERAL_CONVERSION = YES;
				CLANG_WARN_OBJC_ROOT_CLASS = YES_ERROR;
				CLANG_WARN_QUOTED_INCLUDE_IN_FRAMEWORK_HEADER = YES;
				CLANG_WARN_RANGE_LOOP_ANALYSIS = YES;
				CLANG_WARN_STRICT_PROTOTYPES = YES;
				CLANG_WARN_SUSPICIOUS_MOVE = YES;
				CLANG_WARN_UNGUARDED_AVAILABILITY = YES_AGGRESSIVE;
				CLANG_WARN_UNREACHABLE_CODE = YES;
				CLANG_WARN__DUPLICATE_METHOD_MATCH = YES;
				COPY_PHASE_STRIP = NO;
				DEBUG_INFORMATION_FORMAT = dwarf;
				ENABLE_STRICT_OBJC_MSGSEND = YES;
				ENABLE_TESTABILITY = YES;
				ENABLE_USER_SCRIPT_SANDBOXING = YES;
				GCC_C_LANGUAGE_STANDARD = gnu17;
				GCC_DYNAMIC_NO_PIC = NO;
				GCC_NO_COMMON_BLOCKS = YES;
				GCC_OPTIMIZATION_LEVEL = 0;
				GCC_PREPROCESSOR_DEFINITIONS = (
					"DEBUG=1",
					"$(inherited)",
				);
				GCC_WARN_64_TO_32_BIT_CONVERSION = YES;
				GCC_WARN_ABOUT_RETURN_TYPE = YES_ERROR;
				GCC_WARN_UNDECLARED_SELECTOR = YES;
				GCC_WARN_UNINITIALIZED_AUTOS = YES_AGGRESSIVE;
				GCC_WARN_UNUSED_FUNCTION = YES;
				GCC_WARN_UNUSED_VARIABLE = YES;
				IPHONEOS_DEPLOYMENT_TARGET = 17.4;
				LOCALIZATION_PREFERS_STRING_CATALOGS = YES;
				MTL_ENABLE_DEBUG_INFO = INCLUDE_SOURCE;
				MTL_FAST_MATH = YES;
				ONLY_ACTIVE_ARCH = YES;
				SDKROOT = iphoneos;
				SWIFT_ACTIVE_COMPILATION_CONDITIONS = "DEBUG $(inherited)";
				SWIFT_OPTIMIZATION_LEVEL = "-Onone";
			};
			name = Debug;
		};
		FD5173082BC27B78001E476B /* Release */ = {
			isa = XCBuildConfiguration;
			buildSettings = {
				ALWAYS_SEARCH_USER_PATHS = NO;
				ASSETCATALOG_COMPILER_GENERATE_SWIFT_ASSET_SYMBOL_EXTENSIONS = YES;
				CLANG_ANALYZER_NONNULL = YES;
				CLANG_ANALYZER_NUMBER_OBJECT_CONVERSION = YES_AGGRESSIVE;
				CLANG_CXX_LANGUAGE_STANDARD = "gnu++20";
				CLANG_ENABLE_MODULES = YES;
				CLANG_ENABLE_OBJC_ARC = YES;
				CLANG_ENABLE_OBJC_WEAK = YES;
				CLANG_WARN_BLOCK_CAPTURE_AUTORELEASING = YES;
				CLANG_WARN_BOOL_CONVERSION = YES;
				CLANG_WARN_COMMA = YES;
				CLANG_WARN_CONSTANT_CONVERSION = YES;
				CLANG_WARN_DEPRECATED_OBJC_IMPLEMENTATIONS = YES;
				CLANG_WARN_DIRECT_OBJC_ISA_USAGE = YES_ERROR;
				CLANG_WARN_DOCUMENTATION_COMMENTS = YES;
				CLANG_WARN_EMPTY_BODY = YES;
				CLANG_WARN_ENUM_CONVERSION = YES;
				CLANG_WARN_INFINITE_RECURSION = YES;
				CLANG_WARN_INT_CONVERSION = YES;
				CLANG_WARN_NON_LITERAL_NULL_CONVERSION = YES;
				CLANG_WARN_OBJC_IMPLICIT_RETAIN_SELF = YES;
				CLANG_WARN_OBJC_LITERAL_CONVERSION = YES;
				CLANG_WARN_OBJC_ROOT_CLASS = YES_ERROR;
				CLANG_WARN_QUOTED_INCLUDE_IN_FRAMEWORK_HEADER = YES;
				CLANG_WARN_RANGE_LOOP_ANALYSIS = YES;
				CLANG_WARN_STRICT_PROTOTYPES = YES;
				CLANG_WARN_SUSPICIOUS_MOVE = YES;
				CLANG_WARN_UNGUARDED_AVAILABILITY = YES_AGGRESSIVE;
				CLANG_WARN_UNREACHABLE_CODE = YES;
				CLANG_WARN__DUPLICATE_METHOD_MATCH = YES;
				COPY_PHASE_STRIP = NO;
				DEBUG_INFORMATION_FORMAT = "dwarf-with-dsym";
				ENABLE_NS_ASSERTIONS = NO;
				ENABLE_STRICT_OBJC_MSGSEND = YES;
				ENABLE_USER_SCRIPT_SANDBOXING = YES;
				GCC_C_LANGUAGE_STANDARD = gnu17;
				GCC_NO_COMMON_BLOCKS = YES;
				GCC_WARN_64_TO_32_BIT_CONVERSION = YES;
				GCC_WARN_ABOUT_RETURN_TYPE = YES_ERROR;
				GCC_WARN_UNDECLARED_SELECTOR = YES;
				GCC_WARN_UNINITIALIZED_AUTOS = YES_AGGRESSIVE;
				GCC_WARN_UNUSED_FUNCTION = YES;
				GCC_WARN_UNUSED_VARIABLE = YES;
				IPHONEOS_DEPLOYMENT_TARGET = 17.4;
				LOCALIZATION_PREFERS_STRING_CATALOGS = YES;
				MTL_ENABLE_DEBUG_INFO = NO;
				MTL_FAST_MATH = YES;
				SDKROOT = iphoneos;
				SWIFT_COMPILATION_MODE = wholemodule;
				VALIDATE_PRODUCT = YES;
			};
			name = Release;
		};
		FD51730A2BC27B78001E476B /* Debug */ = {
			isa = XCBuildConfiguration;
			buildSettings = {
				ASSETCATALOG_COMPILER_APPICON_NAME = AppIcon;
				ASSETCATALOG_COMPILER_GLOBAL_ACCENT_COLOR_NAME = AccentColor;
				CODE_SIGN_STYLE = Automatic;
				CURRENT_PROJECT_VERSION = 1;
				DEVELOPMENT_TEAM = 9J99ARAAYA;
				GENERATE_INFOPLIST_FILE = YES;
				INFOPLIST_FILE = "Dice-ios-app/Info.plist";
				INFOPLIST_KEY_UIApplicationSupportsIndirectInputEvents = YES;
				INFOPLIST_KEY_UILaunchStoryboardName = LaunchScreen;
				INFOPLIST_KEY_UIMainStoryboardFile = Main;
				INFOPLIST_KEY_UISupportedInterfaceOrientations_iPad = "UIInterfaceOrientationPortrait UIInterfaceOrientationPortraitUpsideDown UIInterfaceOrientationLandscapeLeft UIInterfaceOrientationLandscapeRight";
				INFOPLIST_KEY_UISupportedInterfaceOrientations_iPhone = "UIInterfaceOrientationPortrait UIInterfaceOrientationLandscapeLeft UIInterfaceOrientationLandscapeRight";
				LD_RUNPATH_SEARCH_PATHS = (
					"$(inherited)",
					"@executable_path/Frameworks",
				);
				MARKETING_VERSION = 1.0;
				PRODUCT_BUNDLE_IDENTIFIER = "co.karthik.Dice-ios-app";
				PRODUCT_NAME = "$(TARGET_NAME)";
				SWIFT_EMIT_LOC_STRINGS = YES;
				SWIFT_VERSION = 5.0;
				TARGETED_DEVICE_FAMILY = "1,2";
			};
			name = Debug;
		};
		FD51730B2BC27B78001E476B /* Release */ = {
			isa = XCBuildConfiguration;
			buildSettings = {
				ASSETCATALOG_COMPILER_APPICON_NAME = AppIcon;
				ASSETCATALOG_COMPILER_GLOBAL_ACCENT_COLOR_NAME = AccentColor;
				CODE_SIGN_STYLE = Automatic;
				CURRENT_PROJECT_VERSION = 1;
				DEVELOPMENT_TEAM = 9J99ARAAYA;
				GENERATE_INFOPLIST_FILE = YES;
				INFOPLIST_FILE = "Dice-ios-app/Info.plist";
				INFOPLIST_KEY_UIApplicationSupportsIndirectInputEvents = YES;
				INFOPLIST_KEY_UILaunchStoryboardName = LaunchScreen;
				INFOPLIST_KEY_UIMainStoryboardFile = Main;
				INFOPLIST_KEY_UISupportedInterfaceOrientations_iPad = "UIInterfaceOrientationPortrait UIInterfaceOrientationPortraitUpsideDown UIInterfaceOrientationLandscapeLeft UIInterfaceOrientationLandscapeRight";
				INFOPLIST_KEY_UISupportedInterfaceOrientations_iPhone = "UIInterfaceOrientationPortrait UIInterfaceOrientationLandscapeLeft UIInterfaceOrientationLandscapeRight";
				LD_RUNPATH_SEARCH_PATHS = (
					"$(inherited)",
					"@executable_path/Frameworks",
				);
				MARKETING_VERSION = 1.0;
				PRODUCT_BUNDLE_IDENTIFIER = "co.karthik.Dice-ios-app";
				PRODUCT_NAME = "$(TARGET_NAME)";
				SWIFT_EMIT_LOC_STRINGS = YES;
				SWIFT_VERSION = 5.0;
				TARGETED_DEVICE_FAMILY = "1,2";
			};
			name = Release;
		};
		FD51730D2BC27B78001E476B /* Debug */ = {
			isa = XCBuildConfiguration;
			buildSettings = {
				ALWAYS_EMBED_SWIFT_STANDARD_LIBRARIES = YES;
				BUNDLE_LOADER = "$(TEST_HOST)";
				CODE_SIGN_STYLE = Automatic;
				CURRENT_PROJECT_VERSION = 1;
				DEVELOPMENT_TEAM = 9J99ARAAYA;
				GENERATE_INFOPLIST_FILE = YES;
				IPHONEOS_DEPLOYMENT_TARGET = 17.4;
				MARKETING_VERSION = 1.0;
				PRODUCT_BUNDLE_IDENTIFIER = "co.karthik.Dice-ios-appTests";
				PRODUCT_NAME = "$(TARGET_NAME)";
				SWIFT_EMIT_LOC_STRINGS = NO;
				SWIFT_VERSION = 5.0;
				TARGETED_DEVICE_FAMILY = "1,2";
				TEST_HOST = "$(BUILT_PRODUCTS_DIR)/Dice-ios-app.app/$(BUNDLE_EXECUTABLE_FOLDER_PATH)/Dice-ios-app";
			};
			name = Debug;
		};
		FD51730E2BC27B78001E476B /* Release */ = {
			isa = XCBuildConfiguration;
			buildSettings = {
				ALWAYS_EMBED_SWIFT_STANDARD_LIBRARIES = YES;
				BUNDLE_LOADER = "$(TEST_HOST)";
				CODE_SIGN_STYLE = Automatic;
				CURRENT_PROJECT_VERSION = 1;
				DEVELOPMENT_TEAM = 9J99ARAAYA;
				GENERATE_INFOPLIST_FILE = YES;
				IPHONEOS_DEPLOYMENT_TARGET = 17.4;
				MARKETING_VERSION = 1.0;
				PRODUCT_BUNDLE_IDENTIFIER = "co.karthik.Dice-ios-appTests";
				PRODUCT_NAME = "$(TARGET_NAME)";
				SWIFT_EMIT_LOC_STRINGS = NO;
				SWIFT_VERSION = 5.0;
				TARGETED_DEVICE_FAMILY = "1,2";
				TEST_HOST = "$(BUILT_PRODUCTS_DIR)/Dice-ios-app.app/$(BUNDLE_EXECUTABLE_FOLDER_PATH)/Dice-ios-app";
			};
			name = Release;
		};
		FD5173102BC27B78001E476B /* Debug */ = {
			isa = XCBuildConfiguration;
			buildSettings = {
				ALWAYS_EMBED_SWIFT_STANDARD_LIBRARIES = YES;
				CODE_SIGN_STYLE = Automatic;
				CURRENT_PROJECT_VERSION = 1;
				DEVELOPMENT_TEAM = 9J99ARAAYA;
				GENERATE_INFOPLIST_FILE = YES;
				MARKETING_VERSION = 1.0;
				PRODUCT_BUNDLE_IDENTIFIER = "co.karthik.Dice-ios-appUITests";
				PRODUCT_NAME = "$(TARGET_NAME)";
				SWIFT_EMIT_LOC_STRINGS = NO;
				SWIFT_VERSION = 5.0;
				TARGETED_DEVICE_FAMILY = "1,2";
				TEST_TARGET_NAME = "Dice-ios-app";
			};
			name = Debug;
		};
		FD5173112BC27B78001E476B /* Release */ = {
			isa = XCBuildConfiguration;
			buildSettings = {
				ALWAYS_EMBED_SWIFT_STANDARD_LIBRARIES = YES;
				CODE_SIGN_STYLE = Automatic;
				CURRENT_PROJECT_VERSION = 1;
				DEVELOPMENT_TEAM = 9J99ARAAYA;
				GENERATE_INFOPLIST_FILE = YES;
				MARKETING_VERSION = 1.0;
				PRODUCT_BUNDLE_IDENTIFIER = "co.karthik.Dice-ios-appUITests";
				PRODUCT_NAME = "$(TARGET_NAME)";
				SWIFT_EMIT_LOC_STRINGS = NO;
				SWIFT_VERSION = 5.0;
				TARGETED_DEVICE_FAMILY = "1,2";
				TEST_TARGET_NAME = "Dice-ios-app";
			};
			name = Release;
		};
/* End XCBuildConfiguration section */

/* Begin XCConfigurationList section */
		FD5172DA2BC27B76001E476B /* Build configuration list for PBXProject "Dice-ios-app" */ = {
			isa = XCConfigurationList;
			buildConfigurations = (
				FD5173072BC27B78001E476B /* Debug */,
				FD5173082BC27B78001E476B /* Release */,
			);
			defaultConfigurationIsVisible = 0;
			defaultConfigurationName = Release;
		};
		FD5173092BC27B78001E476B /* Build configuration list for PBXNativeTarget "Dice-ios-app" */ = {
			isa = XCConfigurationList;
			buildConfigurations = (
				FD51730A2BC27B78001E476B /* Debug */,
				FD51730B2BC27B78001E476B /* Release */,
			);
			defaultConfigurationIsVisible = 0;
			defaultConfigurationName = Release;
		};
		FD51730C2BC27B78001E476B /* Build configuration list for PBXNativeTarget "Dice-ios-appTests" */ = {
			isa = XCConfigurationList;
			buildConfigurations = (
				FD51730D2BC27B78001E476B /* Debug */,
				FD51730E2BC27B78001E476B /* Release */,
			);
			defaultConfigurationIsVisible = 0;
			defaultConfigurationName = Release;
		};
		FD51730F2BC27B78001E476B /* Build configuration list for PBXNativeTarget "Dice-ios-appUITests" */ = {
			isa = XCConfigurationList;
			buildConfigurations = (
				FD5173102BC27B78001E476B /* Debug */,
				FD5173112BC27B78001E476B /* Release */,
			);
			defaultConfigurationIsVisible = 0;
			defaultConfigurationName = Release;
		};
/* End XCConfigurationList section */
	};
	rootObject = FD5172D72BC27B76001E476B /* Project object */;
}
